
Microsoft Visual Studio Solution File, Format Version 12.00
# Visual Studio 15
Project("{FAE04EC0-301F-11D3-BF4B-00C04F79EFBC}") = "KrazyKart", "KrazyKart.csproj", "{90B03AD3-BA62-FE31-F1A0-8122D8EB422F}"
EndProject
Global
	GlobalSection(SolutionConfigurationPlatforms) = preSolution
		Debug|Any CPU = Debug|Any CPU
		Release|Any CPU = Release|Any CPU
	EndGlobalSection
	GlobalSection(ProjectConfigurationPlatforms) = postSolution
		{90B03AD3-BA62-FE31-F1A0-8122D8EB422F}.Debug|Any CPU.ActiveCfg = Debug|Any CPU
		{90B03AD3-BA62-FE31-F1A0-8122D8EB422F}.Debug|Any CPU.Build.0 = Debug|Any CPU
		{90B03AD3-BA62-FE31-F1A0-8122D8EB422F}.Release|Any CPU.ActiveCfg = Release|Any CPU
		{90B03AD3-BA62-FE31-F1A0-8122D8EB422F}.Release|Any CPU.Build.0 = Release|Any CPU
	EndGlobalSection
	GlobalSection(SolutionProperties) = preSolution
		HideSolutionNode = FALSE
	EndGlobalSection
EndGlobal
